
Microsoft Visual Studio Solution File, Format Version 12.00
# Visual Studio Version 16
VisualStudioVersion = 16.0.32106.194
MinimumVisualStudioVersion = 10.0.40219.1
Project("{FAE04EC0-301F-11D3-BF4B-00C04F79EFBC}") = "UI.Desktop", "UI.Desktop\UI.Desktop.csproj", "{AE73CE5A-8C97-4F7F-AD90-7113B9B891F2}"
EndProject
Global
	GlobalSection(SolutionConfigurationPlatforms) = preSolution
		Debug|Any CPU = Debug|Any CPU
		Release|Any CPU = Release|Any CPU
	EndGlobalSection
	GlobalSection(ProjectConfigurationPlatforms) = postSolution
		{AE73CE5A-8C97-4F7F-AD90-7113B9B891F2}.Debug|Any CPU.ActiveCfg = Debug|Any CPU
		{AE73CE5A-8C97-4F7F-AD90-7113B9B891F2}.Debug|Any CPU.Build.0 = Debug|Any CPU
		{AE73CE5A-8C97-4F7F-AD90-7113B9B891F2}.Release|Any CPU.ActiveCfg = Release|Any CPU
		{AE73CE5A-8C97-4F7F-AD90-7113B9B891F2}.Release|Any CPU.Build.0 = Release|Any CPU
	EndGlobalSection
	GlobalSection(SolutionProperties) = preSolution
		HideSolutionNode = FALSE
	EndGlobalSection
	GlobalSection(ExtensibilityGlobals) = postSolution
		SolutionGuid = {E8574D4D-B9C4-4637-9C90-9460825E2223}
	EndGlobalSection
EndGlobal
